
Microsoft Visual Studio Solution File, Format Version 12.00
# Visual Studio Version 16
VisualStudioVersion = 16.0.32802.440
MinimumVisualStudioVersion = 10.0.40219.1
Project("{888888A0-9F3D-457C-B088-3A5042F75D52}") = "muse_Milestone", "muse_Milestone.pyproj", "{C9C0E282-A451-4EB2-9ECF-541FAC3B393F}"
EndProject
Global
	GlobalSection(SolutionConfigurationPlatforms) = preSolution
		Debug|Any CPU = Debug|Any CPU
		Release|Any CPU = Release|Any CPU
	EndGlobalSection
	GlobalSection(ProjectConfigurationPlatforms) = postSolution
		{C9C0E282-A451-4EB2-9ECF-541FAC3B393F}.Debug|Any CPU.ActiveCfg = Debug|Any CPU
		{C9C0E282-A451-4EB2-9ECF-541FAC3B393F}.Release|Any CPU.ActiveCfg = Release|Any CPU
	EndGlobalSection
	GlobalSection(SolutionProperties) = preSolution
		HideSolutionNode = FALSE
	EndGlobalSection
	GlobalSection(ExtensibilityGlobals) = postSolution
		SolutionGuid = {D366B339-DF72-40F5-AEA9-F30F0319620E}
	EndGlobalSection
EndGlobal
